// !$*UTF8*$!
{
	archiveVersion = 1;
	classes = {
	};
	objectVersion = 56;
	objects = {

/* Begin PBXBuildFile section */
		D3B187A72AA6376300A56765 /* SpinnerCompatible.swift in Sources */ = {isa = PBXBuildFile; fileRef = D3B187A62AA6376300A56765 /* SpinnerCompatible.swift */; };
		D3D79A882A9DEA1500E5FD89 /* AppDelegate.swift in Sources */ = {isa = PBXBuildFile; fileRef = D3D79A872A9DEA1500E5FD89 /* AppDelegate.swift */; };
		D3D79A8A2A9DEA1500E5FD89 /* SceneDelegate.swift in Sources */ = {isa = PBXBuildFile; fileRef = D3D79A892A9DEA1500E5FD89 /* SceneDelegate.swift */; };
		D3D79A922A9DEA1500E5FD89 /* TMDB.xcdatamodeld in Sources */ = {isa = PBXBuildFile; fileRef = D3D79A902A9DEA1500E5FD89 /* TMDB.xcdatamodeld */; };
		D3D79A942A9DEA1700E5FD89 /* Assets.xcassets in Resources */ = {isa = PBXBuildFile; fileRef = D3D79A932A9DEA1700E5FD89 /* Assets.xcassets */; };
		D3D79A972A9DEA1700E5FD89 /* LaunchScreen.storyboard in Resources */ = {isa = PBXBuildFile; fileRef = D3D79A952A9DEA1700E5FD89 /* LaunchScreen.storyboard */; };
		D3D79AA22A9DEA1800E5FD89 /* TMDBTests.swift in Sources */ = {isa = PBXBuildFile; fileRef = D3D79AA12A9DEA1800E5FD89 /* TMDBTests.swift */; };
		D3D79AAC2A9DEA1800E5FD89 /* TMDBUITests.swift in Sources */ = {isa = PBXBuildFile; fileRef = D3D79AAB2A9DEA1800E5FD89 /* TMDBUITests.swift */; };
		D3D79AAE2A9DEA1800E5FD89 /* TMDBUITestsLaunchTests.swift in Sources */ = {isa = PBXBuildFile; fileRef = D3D79AAD2A9DEA1800E5FD89 /* TMDBUITestsLaunchTests.swift */; };
		D3D79AC62A9DF97200E5FD89 /* Route.swift in Sources */ = {isa = PBXBuildFile; fileRef = D3D79AC52A9DF97200E5FD89 /* Route.swift */; };
		D3D79AC82A9DFC6600E5FD89 /* Route+Path.swift in Sources */ = {isa = PBXBuildFile; fileRef = D3D79AC72A9DFC6600E5FD89 /* Route+Path.swift */; };
		D3D79ACB2A9DFEB200E5FD89 /* Reachability.swift in Sources */ = {isa = PBXBuildFile; fileRef = D3D79ACA2A9DFEB200E5FD89 /* Reachability.swift */; };
		D3D79ACE2A9DFF8300E5FD89 /* HTTPConfig.swift in Sources */ = {isa = PBXBuildFile; fileRef = D3D79ACD2A9DFF8300E5FD89 /* HTTPConfig.swift */; };
		D3D79AD12A9E004200E5FD89 /* JSONTransportError.swift in Sources */ = {isa = PBXBuildFile; fileRef = D3D79AD02A9E004200E5FD89 /* JSONTransportError.swift */; };
		D3D79AD32A9E008500E5FD89 /* JSONTransportProtocol.swift in Sources */ = {isa = PBXBuildFile; fileRef = D3D79AD22A9E008500E5FD89 /* JSONTransportProtocol.swift */; };
		D3D79AD62A9E018F00E5FD89 /* NetworkConstants.swift in Sources */ = {isa = PBXBuildFile; fileRef = D3D79AD52A9E018F00E5FD89 /* NetworkConstants.swift */; };
		D3D79AD82A9E020600E5FD89 /* JSONTransport.swift in Sources */ = {isa = PBXBuildFile; fileRef = D3D79AD72A9E020600E5FD89 /* JSONTransport.swift */; };
		D3D79ADA2A9E055F00E5FD89 /* NetworkServiceError.swift in Sources */ = {isa = PBXBuildFile; fileRef = D3D79AD92A9E055F00E5FD89 /* NetworkServiceError.swift */; };
		D3D79ADC2A9E06E700E5FD89 /* NetworkServiceProtocol.swift in Sources */ = {isa = PBXBuildFile; fileRef = D3D79ADB2A9E06E700E5FD89 /* NetworkServiceProtocol.swift */; };
		D3D79ADE2A9E07C100E5FD89 /* NetworkService.swift in Sources */ = {isa = PBXBuildFile; fileRef = D3D79ADD2A9E07C100E5FD89 /* NetworkService.swift */; };
		D3D79AE12A9E086D00E5FD89 /* String+Utilities.swift in Sources */ = {isa = PBXBuildFile; fileRef = D3D79AE02A9E086D00E5FD89 /* String+Utilities.swift */; };
		D3D79AE32A9E08A100E5FD89 /* Optional+Unwrapped.swift in Sources */ = {isa = PBXBuildFile; fileRef = D3D79AE22A9E08A100E5FD89 /* Optional+Unwrapped.swift */; };
		D3D79AE62A9E2D3200E5FD89 /* MoviesDTO.swift in Sources */ = {isa = PBXBuildFile; fileRef = D3D79AE52A9E2D3200E5FD89 /* MoviesDTO.swift */; };
		D3D79AE92A9E309700E5FD89 /* Movie.swift in Sources */ = {isa = PBXBuildFile; fileRef = D3D79AE82A9E309700E5FD89 /* Movie.swift */; };
		D3D79AEB2A9E36C800E5FD89 /* MovieDetailsDTO.swift in Sources */ = {isa = PBXBuildFile; fileRef = D3D79AEA2A9E36C800E5FD89 /* MovieDetailsDTO.swift */; };
		D3D79AED2A9F816000E5FD89 /* MovieDetails.swift in Sources */ = {isa = PBXBuildFile; fileRef = D3D79AEC2A9F816000E5FD89 /* MovieDetails.swift */; };
		D3D79AEF2A9F829100E5FD89 /* MovieReviewsDTO.swift in Sources */ = {isa = PBXBuildFile; fileRef = D3D79AEE2A9F829100E5FD89 /* MovieReviewsDTO.swift */; };
		D3D79AF32A9F8A9300E5FD89 /* MovieReview.swift in Sources */ = {isa = PBXBuildFile; fileRef = D3D79AF22A9F8A9300E5FD89 /* MovieReview.swift */; };
		D3D79AF52AA0961600E5FD89 /* MovieCreditsDTO.swift in Sources */ = {isa = PBXBuildFile; fileRef = D3D79AF42AA0961600E5FD89 /* MovieCreditsDTO.swift */; };
		D3D79AF72AA09A4900E5FD89 /* MovieCastMember.swift in Sources */ = {isa = PBXBuildFile; fileRef = D3D79AF62AA09A4900E5FD89 /* MovieCastMember.swift */; };
		D3D79AF92AA09C2100E5FD89 /* MovieRatingDTO.swift in Sources */ = {isa = PBXBuildFile; fileRef = D3D79AF82AA09C2100E5FD89 /* MovieRatingDTO.swift */; };
		D3D79AFD2AA0A53D00E5FD89 /* MoviesServiceProtocol.swift in Sources */ = {isa = PBXBuildFile; fileRef = D3D79AFC2AA0A53D00E5FD89 /* MoviesServiceProtocol.swift */; };
		D3D79AFF2AA0A7C900E5FD89 /* MoviesService.swift in Sources */ = {isa = PBXBuildFile; fileRef = D3D79AFE2AA0A7C900E5FD89 /* MoviesService.swift */; };
		D3D79B022AA0AA8100E5FD89 /* MovieDetailsServiceProtocol.swift in Sources */ = {isa = PBXBuildFile; fileRef = D3D79B012AA0AA8100E5FD89 /* MovieDetailsServiceProtocol.swift */; };
		D3D79B042AA0AB1E00E5FD89 /* MovieDetailsService.swift in Sources */ = {isa = PBXBuildFile; fileRef = D3D79B032AA0AB1E00E5FD89 /* MovieDetailsService.swift */; };
		D3D79B072AA0AC3000E5FD89 /* MovieReviewsServiceProtocol.swift in Sources */ = {isa = PBXBuildFile; fileRef = D3D79B062AA0AC3000E5FD89 /* MovieReviewsServiceProtocol.swift */; };
		D3D79B092AA0AC7D00E5FD89 /* MovieReviewsService.swift in Sources */ = {isa = PBXBuildFile; fileRef = D3D79B082AA0AC7D00E5FD89 /* MovieReviewsService.swift */; };
		D3D79B0C2AA0AD3200E5FD89 /* MovieCreditsServiceProtocol.swift in Sources */ = {isa = PBXBuildFile; fileRef = D3D79B0B2AA0AD3200E5FD89 /* MovieCreditsServiceProtocol.swift */; };
		D3D79B0E2AA0AD9200E5FD89 /* MovieCreditsService.swift in Sources */ = {isa = PBXBuildFile; fileRef = D3D79B0D2AA0AD9200E5FD89 /* MovieCreditsService.swift */; };
		D3D79B112AA0AE2500E5FD89 /* MovieRatingServiceProtocol.swift in Sources */ = {isa = PBXBuildFile; fileRef = D3D79B102AA0AE2500E5FD89 /* MovieRatingServiceProtocol.swift */; };
		D3D79B132AA0AEB700E5FD89 /* MovieRatingService.swift in Sources */ = {isa = PBXBuildFile; fileRef = D3D79B122AA0AEB700E5FD89 /* MovieRatingService.swift */; };
		D3D79B162AA0B44900E5FD89 /* MainCoordinator.swift in Sources */ = {isa = PBXBuildFile; fileRef = D3D79B152AA0B44900E5FD89 /* MainCoordinator.swift */; };
		D3D79B192AA0B4AA00E5FD89 /* DefaultNavigationController.swift in Sources */ = {isa = PBXBuildFile; fileRef = D3D79B182AA0B4AA00E5FD89 /* DefaultNavigationController.swift */; };
		D3D79B1B2AA0BE6B00E5FD89 /* UIColor+Custom.swift in Sources */ = {isa = PBXBuildFile; fileRef = D3D79B1A2AA0BE6B00E5FD89 /* UIColor+Custom.swift */; };
		D3D79B1E2AA0CF5200E5FD89 /* CategoriesMenuContracts.swift in Sources */ = {isa = PBXBuildFile; fileRef = D3D79B1D2AA0CF5200E5FD89 /* CategoriesMenuContracts.swift */; };
		D3D79B202AA0CFAA00E5FD89 /* CategoriesMenuRouter.swift in Sources */ = {isa = PBXBuildFile; fileRef = D3D79B1F2AA0CFAA00E5FD89 /* CategoriesMenuRouter.swift */; };
		D3D79B222AA0CFBF00E5FD89 /* CategoriesMenuViewModel.swift in Sources */ = {isa = PBXBuildFile; fileRef = D3D79B212AA0CFBF00E5FD89 /* CategoriesMenuViewModel.swift */; };
		D3D79B242AA0CFD400E5FD89 /* CategoriesMenuViewController.swift in Sources */ = {isa = PBXBuildFile; fileRef = D3D79B232AA0CFD400E5FD89 /* CategoriesMenuViewController.swift */; };
		D3D79B272AA0FBA300E5FD89 /* MovieCategory.swift in Sources */ = {isa = PBXBuildFile; fileRef = D3D79B262AA0FBA300E5FD89 /* MovieCategory.swift */; };
		D3D79B2A2AA0FEB100E5FD89 /* CategoryTableViewCell.swift in Sources */ = {isa = PBXBuildFile; fileRef = D3D79B292AA0FEB100E5FD89 /* CategoryTableViewCell.swift */; };
		D3D79B2D2AA1EB1900E5FD89 /* MoviesListContracts.swift in Sources */ = {isa = PBXBuildFile; fileRef = D3D79B2C2AA1EB1900E5FD89 /* MoviesListContracts.swift */; };
		D3D79B2F2AA1EB3400E5FD89 /* MoviesListRouter.swift in Sources */ = {isa = PBXBuildFile; fileRef = D3D79B2E2AA1EB3400E5FD89 /* MoviesListRouter.swift */; };
		D3D79B312AA1EB5000E5FD89 /* MoviesListViewModel.swift in Sources */ = {isa = PBXBuildFile; fileRef = D3D79B302AA1EB5000E5FD89 /* MoviesListViewModel.swift */; };
		D3D79B332AA1EB7D00E5FD89 /* MoviesListViewController.swift in Sources */ = {isa = PBXBuildFile; fileRef = D3D79B322AA1EB7D00E5FD89 /* MoviesListViewController.swift */; };
		D3D79B362AA21BDE00E5FD89 /* MovieCollectionViewCell.swift in Sources */ = {isa = PBXBuildFile; fileRef = D3D79B352AA21BDE00E5FD89 /* MovieCollectionViewCell.swift */; };
		D3D79B382AA2546A00E5FD89 /* UICollectionView+CellWidth.swift in Sources */ = {isa = PBXBuildFile; fileRef = D3D79B372AA2546A00E5FD89 /* UICollectionView+CellWidth.swift */; };
		D3D79B3A2AA38F7900E5FD89 /* UIView+Utilities.swift in Sources */ = {isa = PBXBuildFile; fileRef = D3D79B392AA38F7900E5FD89 /* UIView+Utilities.swift */; };
/* End PBXBuildFile section */

/* Begin PBXContainerItemProxy section */
		D3D79A9E2A9DEA1800E5FD89 /* PBXContainerItemProxy */ = {
			isa = PBXContainerItemProxy;
			containerPortal = D3D79A7C2A9DEA1500E5FD89 /* Project object */;
			proxyType = 1;
			remoteGlobalIDString = D3D79A832A9DEA1500E5FD89;
			remoteInfo = TMDB;
		};
		D3D79AA82A9DEA1800E5FD89 /* PBXContainerItemProxy */ = {
			isa = PBXContainerItemProxy;
			containerPortal = D3D79A7C2A9DEA1500E5FD89 /* Project object */;
			proxyType = 1;
			remoteGlobalIDString = D3D79A832A9DEA1500E5FD89;
			remoteInfo = TMDB;
		};
/* End PBXContainerItemProxy section */

/* Begin PBXFileReference section */
		D3B187A62AA6376300A56765 /* SpinnerCompatible.swift */ = {isa = PBXFileReference; lastKnownFileType = sourcecode.swift; path = SpinnerCompatible.swift; sourceTree = "<group>"; };
		D3D79A842A9DEA1500E5FD89 /* TMDB.app */ = {isa = PBXFileReference; explicitFileType = wrapper.application; includeInIndex = 0; path = TMDB.app; sourceTree = BUILT_PRODUCTS_DIR; };
		D3D79A872A9DEA1500E5FD89 /* AppDelegate.swift */ = {isa = PBXFileReference; lastKnownFileType = sourcecode.swift; path = AppDelegate.swift; sourceTree = "<group>"; };
		D3D79A892A9DEA1500E5FD89 /* SceneDelegate.swift */ = {isa = PBXFileReference; lastKnownFileType = sourcecode.swift; path = SceneDelegate.swift; sourceTree = "<group>"; };
		D3D79A912A9DEA1500E5FD89 /* TMDB.xcdatamodel */ = {isa = PBXFileReference; lastKnownFileType = wrapper.xcdatamodel; path = TMDB.xcdatamodel; sourceTree = "<group>"; };
		D3D79A932A9DEA1700E5FD89 /* Assets.xcassets */ = {isa = PBXFileReference; lastKnownFileType = folder.assetcatalog; path = Assets.xcassets; sourceTree = "<group>"; };
		D3D79A962A9DEA1700E5FD89 /* Base */ = {isa = PBXFileReference; lastKnownFileType = file.storyboard; name = Base; path = Base.lproj/LaunchScreen.storyboard; sourceTree = "<group>"; };
		D3D79A982A9DEA1700E5FD89 /* Info.plist */ = {isa = PBXFileReference; lastKnownFileType = text.plist.xml; path = Info.plist; sourceTree = "<group>"; };
		D3D79A9D2A9DEA1800E5FD89 /* TMDBTests.xctest */ = {isa = PBXFileReference; explicitFileType = wrapper.cfbundle; includeInIndex = 0; path = TMDBTests.xctest; sourceTree = BUILT_PRODUCTS_DIR; };
		D3D79AA12A9DEA1800E5FD89 /* TMDBTests.swift */ = {isa = PBXFileReference; lastKnownFileType = sourcecode.swift; path = TMDBTests.swift; sourceTree = "<group>"; };
		D3D79AA72A9DEA1800E5FD89 /* TMDBUITests.xctest */ = {isa = PBXFileReference; explicitFileType = wrapper.cfbundle; includeInIndex = 0; path = TMDBUITests.xctest; sourceTree = BUILT_PRODUCTS_DIR; };
		D3D79AAB2A9DEA1800E5FD89 /* TMDBUITests.swift */ = {isa = PBXFileReference; lastKnownFileType = sourcecode.swift; path = TMDBUITests.swift; sourceTree = "<group>"; };
		D3D79AAD2A9DEA1800E5FD89 /* TMDBUITestsLaunchTests.swift */ = {isa = PBXFileReference; lastKnownFileType = sourcecode.swift; path = TMDBUITestsLaunchTests.swift; sourceTree = "<group>"; };
		D3D79AC52A9DF97200E5FD89 /* Route.swift */ = {isa = PBXFileReference; lastKnownFileType = sourcecode.swift; path = Route.swift; sourceTree = "<group>"; };
		D3D79AC72A9DFC6600E5FD89 /* Route+Path.swift */ = {isa = PBXFileReference; lastKnownFileType = sourcecode.swift; path = "Route+Path.swift"; sourceTree = "<group>"; };
		D3D79ACA2A9DFEB200E5FD89 /* Reachability.swift */ = {isa = PBXFileReference; lastKnownFileType = sourcecode.swift; path = Reachability.swift; sourceTree = "<group>"; };
		D3D79ACD2A9DFF8300E5FD89 /* HTTPConfig.swift */ = {isa = PBXFileReference; lastKnownFileType = sourcecode.swift; path = HTTPConfig.swift; sourceTree = "<group>"; };
		D3D79AD02A9E004200E5FD89 /* JSONTransportError.swift */ = {isa = PBXFileReference; lastKnownFileType = sourcecode.swift; path = JSONTransportError.swift; sourceTree = "<group>"; };
		D3D79AD22A9E008500E5FD89 /* JSONTransportProtocol.swift */ = {isa = PBXFileReference; lastKnownFileType = sourcecode.swift; path = JSONTransportProtocol.swift; sourceTree = "<group>"; };
		D3D79AD52A9E018F00E5FD89 /* NetworkConstants.swift */ = {isa = PBXFileReference; lastKnownFileType = sourcecode.swift; path = NetworkConstants.swift; sourceTree = "<group>"; };
		D3D79AD72A9E020600E5FD89 /* JSONTransport.swift */ = {isa = PBXFileReference; lastKnownFileType = sourcecode.swift; path = JSONTransport.swift; sourceTree = "<group>"; };
		D3D79AD92A9E055F00E5FD89 /* NetworkServiceError.swift */ = {isa = PBXFileReference; lastKnownFileType = sourcecode.swift; path = NetworkServiceError.swift; sourceTree = "<group>"; };
		D3D79ADB2A9E06E700E5FD89 /* NetworkServiceProtocol.swift */ = {isa = PBXFileReference; lastKnownFileType = sourcecode.swift; path = NetworkServiceProtocol.swift; sourceTree = "<group>"; };
		D3D79ADD2A9E07C100E5FD89 /* NetworkService.swift */ = {isa = PBXFileReference; lastKnownFileType = sourcecode.swift; path = NetworkService.swift; sourceTree = "<group>"; };
		D3D79AE02A9E086D00E5FD89 /* String+Utilities.swift */ = {isa = PBXFileReference; lastKnownFileType = sourcecode.swift; path = "String+Utilities.swift"; sourceTree = "<group>"; };
		D3D79AE22A9E08A100E5FD89 /* Optional+Unwrapped.swift */ = {isa = PBXFileReference; lastKnownFileType = sourcecode.swift; path = "Optional+Unwrapped.swift"; sourceTree = "<group>"; };
		D3D79AE52A9E2D3200E5FD89 /* MoviesDTO.swift */ = {isa = PBXFileReference; lastKnownFileType = sourcecode.swift; path = MoviesDTO.swift; sourceTree = "<group>"; };
		D3D79AE82A9E309700E5FD89 /* Movie.swift */ = {isa = PBXFileReference; lastKnownFileType = sourcecode.swift; path = Movie.swift; sourceTree = "<group>"; };
		D3D79AEA2A9E36C800E5FD89 /* MovieDetailsDTO.swift */ = {isa = PBXFileReference; lastKnownFileType = sourcecode.swift; path = MovieDetailsDTO.swift; sourceTree = "<group>"; };
		D3D79AEC2A9F816000E5FD89 /* MovieDetails.swift */ = {isa = PBXFileReference; lastKnownFileType = sourcecode.swift; path = MovieDetails.swift; sourceTree = "<group>"; };
		D3D79AEE2A9F829100E5FD89 /* MovieReviewsDTO.swift */ = {isa = PBXFileReference; lastKnownFileType = sourcecode.swift; path = MovieReviewsDTO.swift; sourceTree = "<group>"; };
		D3D79AF22A9F8A9300E5FD89 /* MovieReview.swift */ = {isa = PBXFileReference; lastKnownFileType = sourcecode.swift; path = MovieReview.swift; sourceTree = "<group>"; };
		D3D79AF42AA0961600E5FD89 /* MovieCreditsDTO.swift */ = {isa = PBXFileReference; lastKnownFileType = sourcecode.swift; path = MovieCreditsDTO.swift; sourceTree = "<group>"; };
		D3D79AF62AA09A4900E5FD89 /* MovieCastMember.swift */ = {isa = PBXFileReference; lastKnownFileType = sourcecode.swift; path = MovieCastMember.swift; sourceTree = "<group>"; };
		D3D79AF82AA09C2100E5FD89 /* MovieRatingDTO.swift */ = {isa = PBXFileReference; lastKnownFileType = sourcecode.swift; path = MovieRatingDTO.swift; sourceTree = "<group>"; };
		D3D79AFC2AA0A53D00E5FD89 /* MoviesServiceProtocol.swift */ = {isa = PBXFileReference; lastKnownFileType = sourcecode.swift; path = MoviesServiceProtocol.swift; sourceTree = "<group>"; };
		D3D79AFE2AA0A7C900E5FD89 /* MoviesService.swift */ = {isa = PBXFileReference; lastKnownFileType = sourcecode.swift; path = MoviesService.swift; sourceTree = "<group>"; };
		D3D79B012AA0AA8100E5FD89 /* MovieDetailsServiceProtocol.swift */ = {isa = PBXFileReference; lastKnownFileType = sourcecode.swift; path = MovieDetailsServiceProtocol.swift; sourceTree = "<group>"; };
		D3D79B032AA0AB1E00E5FD89 /* MovieDetailsService.swift */ = {isa = PBXFileReference; lastKnownFileType = sourcecode.swift; path = MovieDetailsService.swift; sourceTree = "<group>"; };
		D3D79B062AA0AC3000E5FD89 /* MovieReviewsServiceProtocol.swift */ = {isa = PBXFileReference; lastKnownFileType = sourcecode.swift; path = MovieReviewsServiceProtocol.swift; sourceTree = "<group>"; };
		D3D79B082AA0AC7D00E5FD89 /* MovieReviewsService.swift */ = {isa = PBXFileReference; lastKnownFileType = sourcecode.swift; path = MovieReviewsService.swift; sourceTree = "<group>"; };
		D3D79B0B2AA0AD3200E5FD89 /* MovieCreditsServiceProtocol.swift */ = {isa = PBXFileReference; lastKnownFileType = sourcecode.swift; path = MovieCreditsServiceProtocol.swift; sourceTree = "<group>"; };
		D3D79B0D2AA0AD9200E5FD89 /* MovieCreditsService.swift */ = {isa = PBXFileReference; lastKnownFileType = sourcecode.swift; path = MovieCreditsService.swift; sourceTree = "<group>"; };
		D3D79B102AA0AE2500E5FD89 /* MovieRatingServiceProtocol.swift */ = {isa = PBXFileReference; lastKnownFileType = sourcecode.swift; path = MovieRatingServiceProtocol.swift; sourceTree = "<group>"; };
		D3D79B122AA0AEB700E5FD89 /* MovieRatingService.swift */ = {isa = PBXFileReference; lastKnownFileType = sourcecode.swift; path = MovieRatingService.swift; sourceTree = "<group>"; };
		D3D79B152AA0B44900E5FD89 /* MainCoordinator.swift */ = {isa = PBXFileReference; lastKnownFileType = sourcecode.swift; path = MainCoordinator.swift; sourceTree = "<group>"; };
		D3D79B182AA0B4AA00E5FD89 /* DefaultNavigationController.swift */ = {isa = PBXFileReference; lastKnownFileType = sourcecode.swift; path = DefaultNavigationController.swift; sourceTree = "<group>"; };
		D3D79B1A2AA0BE6B00E5FD89 /* UIColor+Custom.swift */ = {isa = PBXFileReference; lastKnownFileType = sourcecode.swift; path = "UIColor+Custom.swift"; sourceTree = "<group>"; };
		D3D79B1D2AA0CF5200E5FD89 /* CategoriesMenuContracts.swift */ = {isa = PBXFileReference; lastKnownFileType = sourcecode.swift; path = CategoriesMenuContracts.swift; sourceTree = "<group>"; };
		D3D79B1F2AA0CFAA00E5FD89 /* CategoriesMenuRouter.swift */ = {isa = PBXFileReference; lastKnownFileType = sourcecode.swift; path = CategoriesMenuRouter.swift; sourceTree = "<group>"; };
		D3D79B212AA0CFBF00E5FD89 /* CategoriesMenuViewModel.swift */ = {isa = PBXFileReference; lastKnownFileType = sourcecode.swift; path = CategoriesMenuViewModel.swift; sourceTree = "<group>"; };
		D3D79B232AA0CFD400E5FD89 /* CategoriesMenuViewController.swift */ = {isa = PBXFileReference; lastKnownFileType = sourcecode.swift; path = CategoriesMenuViewController.swift; sourceTree = "<group>"; };
		D3D79B262AA0FBA300E5FD89 /* MovieCategory.swift */ = {isa = PBXFileReference; lastKnownFileType = sourcecode.swift; path = MovieCategory.swift; sourceTree = "<group>"; };
		D3D79B292AA0FEB100E5FD89 /* CategoryTableViewCell.swift */ = {isa = PBXFileReference; lastKnownFileType = sourcecode.swift; path = CategoryTableViewCell.swift; sourceTree = "<group>"; };
		D3D79B2C2AA1EB1900E5FD89 /* MoviesListContracts.swift */ = {isa = PBXFileReference; lastKnownFileType = sourcecode.swift; path = MoviesListContracts.swift; sourceTree = "<group>"; };
		D3D79B2E2AA1EB3400E5FD89 /* MoviesListRouter.swift */ = {isa = PBXFileReference; lastKnownFileType = sourcecode.swift; path = MoviesListRouter.swift; sourceTree = "<group>"; };
		D3D79B302AA1EB5000E5FD89 /* MoviesListViewModel.swift */ = {isa = PBXFileReference; lastKnownFileType = sourcecode.swift; path = MoviesListViewModel.swift; sourceTree = "<group>"; };
		D3D79B322AA1EB7D00E5FD89 /* MoviesListViewController.swift */ = {isa = PBXFileReference; lastKnownFileType = sourcecode.swift; path = MoviesListViewController.swift; sourceTree = "<group>"; };
		D3D79B352AA21BDE00E5FD89 /* MovieCollectionViewCell.swift */ = {isa = PBXFileReference; lastKnownFileType = sourcecode.swift; path = MovieCollectionViewCell.swift; sourceTree = "<group>"; };
		D3D79B372AA2546A00E5FD89 /* UICollectionView+CellWidth.swift */ = {isa = PBXFileReference; lastKnownFileType = sourcecode.swift; path = "UICollectionView+CellWidth.swift"; sourceTree = "<group>"; };
		D3D79B392AA38F7900E5FD89 /* UIView+Utilities.swift */ = {isa = PBXFileReference; lastKnownFileType = sourcecode.swift; path = "UIView+Utilities.swift"; sourceTree = "<group>"; };
/* End PBXFileReference section */

/* Begin PBXFrameworksBuildPhase section */
		D3D79A812A9DEA1500E5FD89 /* Frameworks */ = {
			isa = PBXFrameworksBuildPhase;
			buildActionMask = 2147483647;
			files = (
			);
			runOnlyForDeploymentPostprocessing = 0;
		};
		D3D79A9A2A9DEA1800E5FD89 /* Frameworks */ = {
			isa = PBXFrameworksBuildPhase;
			buildActionMask = 2147483647;
			files = (
			);
			runOnlyForDeploymentPostprocessing = 0;
		};
		D3D79AA42A9DEA1800E5FD89 /* Frameworks */ = {
			isa = PBXFrameworksBuildPhase;
			buildActionMask = 2147483647;
			files = (
			);
			runOnlyForDeploymentPostprocessing = 0;
		};
/* End PBXFrameworksBuildPhase section */

/* Begin PBXGroup section */
		D3B187A52AA6374600A56765 /* Spinner */ = {
			isa = PBXGroup;
			children = (
				D3B187A62AA6376300A56765 /* SpinnerCompatible.swift */,
			);
			name = Spinner;
			sourceTree = "<group>";
		};
		D3D79A7B2A9DEA1500E5FD89 = {
			isa = PBXGroup;
			children = (
				D3D79A862A9DEA1500E5FD89 /* TMDB */,
				D3D79AA02A9DEA1800E5FD89 /* TMDBTests */,
				D3D79AAA2A9DEA1800E5FD89 /* TMDBUITests */,
				D3D79A852A9DEA1500E5FD89 /* Products */,
			);
			sourceTree = "<group>";
		};
		D3D79A852A9DEA1500E5FD89 /* Products */ = {
			isa = PBXGroup;
			children = (
				D3D79A842A9DEA1500E5FD89 /* TMDB.app */,
				D3D79A9D2A9DEA1800E5FD89 /* TMDBTests.xctest */,
				D3D79AA72A9DEA1800E5FD89 /* TMDBUITests.xctest */,
			);
			name = Products;
			sourceTree = "<group>";
		};
		D3D79A862A9DEA1500E5FD89 /* TMDB */ = {
			isa = PBXGroup;
			children = (
				D3D79ABA2A9DED3000E5FD89 /* App */,
				D3D79ABB2A9DED8F00E5FD89 /* Assets */,
				D3D79ABD2A9DEE3800E5FD89 /* Domain */,
				D3D79AC32A9DF94400E5FD89 /* Network */,
				D3D79ABF2A9DEE7700E5FD89 /* Presentation */,
				D3D79ABE2A9DEE5800E5FD89 /* Helpers */,
				D3D79A982A9DEA1700E5FD89 /* Info.plist */,
				D3D79A902A9DEA1500E5FD89 /* TMDB.xcdatamodeld */,
			);
			path = TMDB;
			sourceTree = "<group>";
		};
		D3D79AA02A9DEA1800E5FD89 /* TMDBTests */ = {
			isa = PBXGroup;
			children = (
				D3D79AA12A9DEA1800E5FD89 /* TMDBTests.swift */,
			);
			path = TMDBTests;
			sourceTree = "<group>";
		};
		D3D79AAA2A9DEA1800E5FD89 /* TMDBUITests */ = {
			isa = PBXGroup;
			children = (
				D3D79AAB2A9DEA1800E5FD89 /* TMDBUITests.swift */,
				D3D79AAD2A9DEA1800E5FD89 /* TMDBUITestsLaunchTests.swift */,
			);
			path = TMDBUITests;
			sourceTree = "<group>";
		};
		D3D79ABA2A9DED3000E5FD89 /* App */ = {
			isa = PBXGroup;
			children = (
				D3D79A952A9DEA1700E5FD89 /* LaunchScreen.storyboard */,
				D3D79A872A9DEA1500E5FD89 /* AppDelegate.swift */,
				D3D79A892A9DEA1500E5FD89 /* SceneDelegate.swift */,
			);
			path = App;
			sourceTree = "<group>";
		};
		D3D79ABB2A9DED8F00E5FD89 /* Assets */ = {
			isa = PBXGroup;
			children = (
				D3D79A932A9DEA1700E5FD89 /* Assets.xcassets */,
			);
			path = Assets;
			sourceTree = "<group>";
		};
		D3D79ABD2A9DEE3800E5FD89 /* Domain */ = {
			isa = PBXGroup;
			children = (
				D3D79AE72A9E307F00E5FD89 /* Entities */,
				D3D79AE42A9E2D1200E5FD89 /* DTOs */,
				D3D79AFA2AA0A4A700E5FD89 /* Services */,
			);
			path = Domain;
			sourceTree = "<group>";
		};
		D3D79ABE2A9DEE5800E5FD89 /* Helpers */ = {
			isa = PBXGroup;
			children = (
				D3B187A52AA6374600A56765 /* Spinner */,
				D3D79ADF2A9E082F00E5FD89 /* Extensions */,
			);
			path = Helpers;
			sourceTree = "<group>";
		};
		D3D79ABF2A9DEE7700E5FD89 /* Presentation */ = {
			isa = PBXGroup;
			children = (
				D3D79B252AA0FB8300E5FD89 /* Models */,
				D3D79B142AA0B42400E5FD89 /* Coordinators */,
				D3D79B172AA0B48F00E5FD89 /* NavigationControllers */,
				D3D79B1C2AA0CF0D00E5FD89 /* CategoriesMenu */,
				D3D79B2B2AA1EAF500E5FD89 /* MoviesList */,
			);
			path = Presentation;
			sourceTree = "<group>";
		};
		D3D79AC32A9DF94400E5FD89 /* Network */ = {
			isa = PBXGroup;
			children = (
				D3D79AD42A9E017000E5FD89 /* NetworkService */,
				D3D79ACF2A9E001700E5FD89 /* JSONTransport */,
				D3D79ACC2A9DFF4C00E5FD89 /* HTTPConfig */,
				D3D79AC42A9DF95900E5FD89 /* Route */,
				D3D79AC92A9DFE8400E5FD89 /* Reachability */,
			);
			path = Network;
			sourceTree = "<group>";
		};
		D3D79AC42A9DF95900E5FD89 /* Route */ = {
			isa = PBXGroup;
			children = (
				D3D79AC52A9DF97200E5FD89 /* Route.swift */,
				D3D79AC72A9DFC6600E5FD89 /* Route+Path.swift */,
			);
			path = Route;
			sourceTree = "<group>";
		};
		D3D79AC92A9DFE8400E5FD89 /* Reachability */ = {
			isa = PBXGroup;
			children = (
				D3D79ACA2A9DFEB200E5FD89 /* Reachability.swift */,
			);
			path = Reachability;
			sourceTree = "<group>";
		};
		D3D79ACC2A9DFF4C00E5FD89 /* HTTPConfig */ = {
			isa = PBXGroup;
			children = (
				D3D79ACD2A9DFF8300E5FD89 /* HTTPConfig.swift */,
			);
			path = HTTPConfig;
			sourceTree = "<group>";
		};
		D3D79ACF2A9E001700E5FD89 /* JSONTransport */ = {
			isa = PBXGroup;
			children = (
				D3D79AD22A9E008500E5FD89 /* JSONTransportProtocol.swift */,
				D3D79AD72A9E020600E5FD89 /* JSONTransport.swift */,
				D3D79AD02A9E004200E5FD89 /* JSONTransportError.swift */,
			);
			path = JSONTransport;
			sourceTree = "<group>";
		};
		D3D79AD42A9E017000E5FD89 /* NetworkService */ = {
			isa = PBXGroup;
			children = (
				D3D79ADB2A9E06E700E5FD89 /* NetworkServiceProtocol.swift */,
				D3D79ADD2A9E07C100E5FD89 /* NetworkService.swift */,
				D3D79AD92A9E055F00E5FD89 /* NetworkServiceError.swift */,
				D3D79AD52A9E018F00E5FD89 /* NetworkConstants.swift */,
			);
			path = NetworkService;
			sourceTree = "<group>";
		};
		D3D79ADF2A9E082F00E5FD89 /* Extensions */ = {
			isa = PBXGroup;
			children = (
				D3D79AE02A9E086D00E5FD89 /* String+Utilities.swift */,
				D3D79AE22A9E08A100E5FD89 /* Optional+Unwrapped.swift */,
				D3D79B1A2AA0BE6B00E5FD89 /* UIColor+Custom.swift */,
				D3D79B372AA2546A00E5FD89 /* UICollectionView+CellWidth.swift */,
				D3D79B392AA38F7900E5FD89 /* UIView+Utilities.swift */,
			);
			name = Extensions;
			sourceTree = "<group>";
		};
		D3D79AE42A9E2D1200E5FD89 /* DTOs */ = {
			isa = PBXGroup;
			children = (
				D3D79AE52A9E2D3200E5FD89 /* MoviesDTO.swift */,
				D3D79AEA2A9E36C800E5FD89 /* MovieDetailsDTO.swift */,
				D3D79AEE2A9F829100E5FD89 /* MovieReviewsDTO.swift */,
				D3D79AF42AA0961600E5FD89 /* MovieCreditsDTO.swift */,
				D3D79AF82AA09C2100E5FD89 /* MovieRatingDTO.swift */,
			);
			path = DTOs;
			sourceTree = "<group>";
		};
		D3D79AE72A9E307F00E5FD89 /* Entities */ = {
			isa = PBXGroup;
			children = (
				D3D79AE82A9E309700E5FD89 /* Movie.swift */,
				D3D79AEC2A9F816000E5FD89 /* MovieDetails.swift */,
				D3D79AF22A9F8A9300E5FD89 /* MovieReview.swift */,
				D3D79AF62AA09A4900E5FD89 /* MovieCastMember.swift */,
			);
			path = Entities;
			sourceTree = "<group>";
		};
		D3D79AFA2AA0A4A700E5FD89 /* Services */ = {
			isa = PBXGroup;
			children = (
				D3D79AFB2AA0A50800E5FD89 /* MoviesService */,
				D3D79B002AA0AA4C00E5FD89 /* MovieDetailsService */,
				D3D79B052AA0AC0500E5FD89 /* MovieReviewsService */,
				D3D79B0A2AA0AD0700E5FD89 /* MovieCreditsService */,
				D3D79B0F2AA0ADFC00E5FD89 /* MovieRatingService */,
			);
			path = Services;
			sourceTree = "<group>";
		};
		D3D79AFB2AA0A50800E5FD89 /* MoviesService */ = {
			isa = PBXGroup;
			children = (
				D3D79AFC2AA0A53D00E5FD89 /* MoviesServiceProtocol.swift */,
				D3D79AFE2AA0A7C900E5FD89 /* MoviesService.swift */,
			);
			path = MoviesService;
			sourceTree = "<group>";
		};
		D3D79B002AA0AA4C00E5FD89 /* MovieDetailsService */ = {
			isa = PBXGroup;
			children = (
				D3D79B012AA0AA8100E5FD89 /* MovieDetailsServiceProtocol.swift */,
				D3D79B032AA0AB1E00E5FD89 /* MovieDetailsService.swift */,
			);
			path = MovieDetailsService;
			sourceTree = "<group>";
		};
		D3D79B052AA0AC0500E5FD89 /* MovieReviewsService */ = {
			isa = PBXGroup;
			children = (
				D3D79B062AA0AC3000E5FD89 /* MovieReviewsServiceProtocol.swift */,
				D3D79B082AA0AC7D00E5FD89 /* MovieReviewsService.swift */,
			);
			path = MovieReviewsService;
			sourceTree = "<group>";
		};
		D3D79B0A2AA0AD0700E5FD89 /* MovieCreditsService */ = {
			isa = PBXGroup;
			children = (
				D3D79B0B2AA0AD3200E5FD89 /* MovieCreditsServiceProtocol.swift */,
				D3D79B0D2AA0AD9200E5FD89 /* MovieCreditsService.swift */,
			);
			path = MovieCreditsService;
			sourceTree = "<group>";
		};
		D3D79B0F2AA0ADFC00E5FD89 /* MovieRatingService */ = {
			isa = PBXGroup;
			children = (
				D3D79B102AA0AE2500E5FD89 /* MovieRatingServiceProtocol.swift */,
				D3D79B122AA0AEB700E5FD89 /* MovieRatingService.swift */,
			);
			path = MovieRatingService;
			sourceTree = "<group>";
		};
		D3D79B142AA0B42400E5FD89 /* Coordinators */ = {
			isa = PBXGroup;
			children = (
				D3D79B152AA0B44900E5FD89 /* MainCoordinator.swift */,
			);
			path = Coordinators;
			sourceTree = "<group>";
		};
		D3D79B172AA0B48F00E5FD89 /* NavigationControllers */ = {
			isa = PBXGroup;
			children = (
				D3D79B182AA0B4AA00E5FD89 /* DefaultNavigationController.swift */,
			);
			path = NavigationControllers;
			sourceTree = "<group>";
		};
		D3D79B1C2AA0CF0D00E5FD89 /* CategoriesMenu */ = {
			isa = PBXGroup;
			children = (
				D3D79B282AA0FE9700E5FD89 /* Cell */,
				D3D79B1D2AA0CF5200E5FD89 /* CategoriesMenuContracts.swift */,
				D3D79B1F2AA0CFAA00E5FD89 /* CategoriesMenuRouter.swift */,
				D3D79B212AA0CFBF00E5FD89 /* CategoriesMenuViewModel.swift */,
				D3D79B232AA0CFD400E5FD89 /* CategoriesMenuViewController.swift */,
			);
			path = CategoriesMenu;
			sourceTree = "<group>";
		};
		D3D79B252AA0FB8300E5FD89 /* Models */ = {
			isa = PBXGroup;
			children = (
				D3D79B262AA0FBA300E5FD89 /* MovieCategory.swift */,
			);
			path = Models;
			sourceTree = "<group>";
		};
		D3D79B282AA0FE9700E5FD89 /* Cell */ = {
			isa = PBXGroup;
			children = (
				D3D79B292AA0FEB100E5FD89 /* CategoryTableViewCell.swift */,
			);
			path = Cell;
			sourceTree = "<group>";
		};
		D3D79B2B2AA1EAF500E5FD89 /* MoviesList */ = {
			isa = PBXGroup;
			children = (
				D3D79B342AA21BBC00E5FD89 /* Cell */,
				D3D79B2C2AA1EB1900E5FD89 /* MoviesListContracts.swift */,
				D3D79B2E2AA1EB3400E5FD89 /* MoviesListRouter.swift */,
				D3D79B302AA1EB5000E5FD89 /* MoviesListViewModel.swift */,
				D3D79B322AA1EB7D00E5FD89 /* MoviesListViewController.swift */,
			);
			path = MoviesList;
			sourceTree = "<group>";
		};
		D3D79B342AA21BBC00E5FD89 /* Cell */ = {
			isa = PBXGroup;
			children = (
				D3D79B352AA21BDE00E5FD89 /* MovieCollectionViewCell.swift */,
			);
			path = Cell;
			sourceTree = "<group>";
		};
/* End PBXGroup section */

/* Begin PBXNativeTarget section */
		D3D79A832A9DEA1500E5FD89 /* TMDB */ = {
			isa = PBXNativeTarget;
			buildConfigurationList = D3D79AB12A9DEA1800E5FD89 /* Build configuration list for PBXNativeTarget "TMDB" */;
			buildPhases = (
				D3D79A802A9DEA1500E5FD89 /* Sources */,
				D3D79A812A9DEA1500E5FD89 /* Frameworks */,
				D3D79A822A9DEA1500E5FD89 /* Resources */,
			);
			buildRules = (
			);
			dependencies = (
			);
			name = TMDB;
			productName = TMDB;
			productReference = D3D79A842A9DEA1500E5FD89 /* TMDB.app */;
			productType = "com.apple.product-type.application";
		};
		D3D79A9C2A9DEA1800E5FD89 /* TMDBTests */ = {
			isa = PBXNativeTarget;
			buildConfigurationList = D3D79AB42A9DEA1800E5FD89 /* Build configuration list for PBXNativeTarget "TMDBTests" */;
			buildPhases = (
				D3D79A992A9DEA1800E5FD89 /* Sources */,
				D3D79A9A2A9DEA1800E5FD89 /* Frameworks */,
				D3D79A9B2A9DEA1800E5FD89 /* Resources */,
			);
			buildRules = (
			);
			dependencies = (
				D3D79A9F2A9DEA1800E5FD89 /* PBXTargetDependency */,
			);
			name = TMDBTests;
			productName = TMDBTests;
			productReference = D3D79A9D2A9DEA1800E5FD89 /* TMDBTests.xctest */;
			productType = "com.apple.product-type.bundle.unit-test";
		};
		D3D79AA62A9DEA1800E5FD89 /* TMDBUITests */ = {
			isa = PBXNativeTarget;
			buildConfigurationList = D3D79AB72A9DEA1800E5FD89 /* Build configuration list for PBXNativeTarget "TMDBUITests" */;
			buildPhases = (
				D3D79AA32A9DEA1800E5FD89 /* Sources */,
				D3D79AA42A9DEA1800E5FD89 /* Frameworks */,
				D3D79AA52A9DEA1800E5FD89 /* Resources */,
			);
			buildRules = (
			);
			dependencies = (
				D3D79AA92A9DEA1800E5FD89 /* PBXTargetDependency */,
			);
			name = TMDBUITests;
			productName = TMDBUITests;
			productReference = D3D79AA72A9DEA1800E5FD89 /* TMDBUITests.xctest */;
			productType = "com.apple.product-type.bundle.ui-testing";
		};
/* End PBXNativeTarget section */

/* Begin PBXProject section */
		D3D79A7C2A9DEA1500E5FD89 /* Project object */ = {
			isa = PBXProject;
			attributes = {
				BuildIndependentTargetsInParallel = 1;
				LastSwiftUpdateCheck = 1430;
				LastUpgradeCheck = 1430;
				TargetAttributes = {
					D3D79A832A9DEA1500E5FD89 = {
						CreatedOnToolsVersion = 14.3.1;
					};
					D3D79A9C2A9DEA1800E5FD89 = {
						CreatedOnToolsVersion = 14.3.1;
						TestTargetID = D3D79A832A9DEA1500E5FD89;
					};
					D3D79AA62A9DEA1800E5FD89 = {
						CreatedOnToolsVersion = 14.3.1;
						TestTargetID = D3D79A832A9DEA1500E5FD89;
					};
				};
			};
			buildConfigurationList = D3D79A7F2A9DEA1500E5FD89 /* Build configuration list for PBXProject "TMDB" */;
			compatibilityVersion = "Xcode 14.0";
			developmentRegion = en;
			hasScannedForEncodings = 0;
			knownRegions = (
				en,
				Base,
			);
			mainGroup = D3D79A7B2A9DEA1500E5FD89;
			productRefGroup = D3D79A852A9DEA1500E5FD89 /* Products */;
			projectDirPath = "";
			projectRoot = "";
			targets = (
				D3D79A832A9DEA1500E5FD89 /* TMDB */,
				D3D79A9C2A9DEA1800E5FD89 /* TMDBTests */,
				D3D79AA62A9DEA1800E5FD89 /* TMDBUITests */,
			);
		};
/* End PBXProject section */

/* Begin PBXResourcesBuildPhase section */
		D3D79A822A9DEA1500E5FD89 /* Resources */ = {
			isa = PBXResourcesBuildPhase;
			buildActionMask = 2147483647;
			files = (
				D3D79A972A9DEA1700E5FD89 /* LaunchScreen.storyboard in Resources */,
				D3D79A942A9DEA1700E5FD89 /* Assets.xcassets in Resources */,
			);
			runOnlyForDeploymentPostprocessing = 0;
		};
		D3D79A9B2A9DEA1800E5FD89 /* Resources */ = {
			isa = PBXResourcesBuildPhase;
			buildActionMask = 2147483647;
			files = (
			);
			runOnlyForDeploymentPostprocessing = 0;
		};
		D3D79AA52A9DEA1800E5FD89 /* Resources */ = {
			isa = PBXResourcesBuildPhase;
			buildActionMask = 2147483647;
			files = (
			);
			runOnlyForDeploymentPostprocessing = 0;
		};
/* End PBXResourcesBuildPhase section */

/* Begin PBXSourcesBuildPhase section */
		D3D79A802A9DEA1500E5FD89 /* Sources */ = {
			isa = PBXSourcesBuildPhase;
			buildActionMask = 2147483647;
			files = (
				D3D79A922A9DEA1500E5FD89 /* TMDB.xcdatamodeld in Sources */,
				D3D79ADA2A9E055F00E5FD89 /* NetworkServiceError.swift in Sources */,
				D3D79B3A2AA38F7900E5FD89 /* UIView+Utilities.swift in Sources */,
				D3D79B382AA2546A00E5FD89 /* UICollectionView+CellWidth.swift in Sources */,
				D3D79AF32A9F8A9300E5FD89 /* MovieReview.swift in Sources */,
				D3D79B242AA0CFD400E5FD89 /* CategoriesMenuViewController.swift in Sources */,
				D3D79AE92A9E309700E5FD89 /* Movie.swift in Sources */,
				D3D79B112AA0AE2500E5FD89 /* MovieRatingServiceProtocol.swift in Sources */,
				D3D79AED2A9F816000E5FD89 /* MovieDetails.swift in Sources */,
				D3D79AFF2AA0A7C900E5FD89 /* MoviesService.swift in Sources */,
				D3D79AC62A9DF97200E5FD89 /* Route.swift in Sources */,
				D3D79B0C2AA0AD3200E5FD89 /* MovieCreditsServiceProtocol.swift in Sources */,
				D3D79B2D2AA1EB1900E5FD89 /* MoviesListContracts.swift in Sources */,
				D3D79B202AA0CFAA00E5FD89 /* CategoriesMenuRouter.swift in Sources */,
				D3D79B132AA0AEB700E5FD89 /* MovieRatingService.swift in Sources */,
				D3D79AD62A9E018F00E5FD89 /* NetworkConstants.swift in Sources */,
				D3D79AD82A9E020600E5FD89 /* JSONTransport.swift in Sources */,
				D3D79ACB2A9DFEB200E5FD89 /* Reachability.swift in Sources */,
				D3D79ADE2A9E07C100E5FD89 /* NetworkService.swift in Sources */,
				D3D79B1B2AA0BE6B00E5FD89 /* UIColor+Custom.swift in Sources */,
				D3D79B092AA0AC7D00E5FD89 /* MovieReviewsService.swift in Sources */,
				D3D79AEB2A9E36C800E5FD89 /* MovieDetailsDTO.swift in Sources */,
				D3D79B1E2AA0CF5200E5FD89 /* CategoriesMenuContracts.swift in Sources */,
				D3D79B0E2AA0AD9200E5FD89 /* MovieCreditsService.swift in Sources */,
				D3D79B072AA0AC3000E5FD89 /* MovieReviewsServiceProtocol.swift in Sources */,
				D3D79B332AA1EB7D00E5FD89 /* MoviesListViewController.swift in Sources */,
				D3D79AF52AA0961600E5FD89 /* MovieCreditsDTO.swift in Sources */,
				D3D79AC82A9DFC6600E5FD89 /* Route+Path.swift in Sources */,
				D3D79B222AA0CFBF00E5FD89 /* CategoriesMenuViewModel.swift in Sources */,
				D3D79AD32A9E008500E5FD89 /* JSONTransportProtocol.swift in Sources */,
				D3D79AD12A9E004200E5FD89 /* JSONTransportError.swift in Sources */,
				D3D79B272AA0FBA300E5FD89 /* MovieCategory.swift in Sources */,
				D3D79B2F2AA1EB3400E5FD89 /* MoviesListRouter.swift in Sources */,
				D3D79AE32A9E08A100E5FD89 /* Optional+Unwrapped.swift in Sources */,
				D3D79AF92AA09C2100E5FD89 /* MovieRatingDTO.swift in Sources */,
				D3D79AE62A9E2D3200E5FD89 /* MoviesDTO.swift in Sources */,
				D3D79B162AA0B44900E5FD89 /* MainCoordinator.swift in Sources */,
				D3D79B022AA0AA8100E5FD89 /* MovieDetailsServiceProtocol.swift in Sources */,
				D3D79B192AA0B4AA00E5FD89 /* DefaultNavigationController.swift in Sources */,
				D3D79AE12A9E086D00E5FD89 /* String+Utilities.swift in Sources */,
				D3D79AEF2A9F829100E5FD89 /* MovieReviewsDTO.swift in Sources */,
				D3D79AFD2AA0A53D00E5FD89 /* MoviesServiceProtocol.swift in Sources */,
				D3D79AF72AA09A4900E5FD89 /* MovieCastMember.swift in Sources */,
				D3D79B312AA1EB5000E5FD89 /* MoviesListViewModel.swift in Sources */,
				D3D79A882A9DEA1500E5FD89 /* AppDelegate.swift in Sources */,
				D3B187A72AA6376300A56765 /* SpinnerCompatible.swift in Sources */,
				D3D79B2A2AA0FEB100E5FD89 /* CategoryTableViewCell.swift in Sources */,
				D3D79B042AA0AB1E00E5FD89 /* MovieDetailsService.swift in Sources */,
				D3D79ACE2A9DFF8300E5FD89 /* HTTPConfig.swift in Sources */,
				D3D79B362AA21BDE00E5FD89 /* MovieCollectionViewCell.swift in Sources */,
				D3D79ADC2A9E06E700E5FD89 /* NetworkServiceProtocol.swift in Sources */,
				D3D79A8A2A9DEA1500E5FD89 /* SceneDelegate.swift in Sources */,
			);
			runOnlyForDeploymentPostprocessing = 0;
		};
		D3D79A992A9DEA1800E5FD89 /* Sources */ = {
			isa = PBXSourcesBuildPhase;
			buildActionMask = 2147483647;
			files = (
				D3D79AA22A9DEA1800E5FD89 /* TMDBTests.swift in Sources */,
			);
			runOnlyForDeploymentPostprocessing = 0;
		};
		D3D79AA32A9DEA1800E5FD89 /* Sources */ = {
			isa = PBXSourcesBuildPhase;
			buildActionMask = 2147483647;
			files = (
				D3D79AAC2A9DEA1800E5FD89 /* TMDBUITests.swift in Sources */,
				D3D79AAE2A9DEA1800E5FD89 /* TMDBUITestsLaunchTests.swift in Sources */,
			);
			runOnlyForDeploymentPostprocessing = 0;
		};
/* End PBXSourcesBuildPhase section */

/* Begin PBXTargetDependency section */
		D3D79A9F2A9DEA1800E5FD89 /* PBXTargetDependency */ = {
			isa = PBXTargetDependency;
			target = D3D79A832A9DEA1500E5FD89 /* TMDB */;
			targetProxy = D3D79A9E2A9DEA1800E5FD89 /* PBXContainerItemProxy */;
		};
		D3D79AA92A9DEA1800E5FD89 /* PBXTargetDependency */ = {
			isa = PBXTargetDependency;
			target = D3D79A832A9DEA1500E5FD89 /* TMDB */;
			targetProxy = D3D79AA82A9DEA1800E5FD89 /* PBXContainerItemProxy */;
		};
/* End PBXTargetDependency section */

/* Begin PBXVariantGroup section */
		D3D79A952A9DEA1700E5FD89 /* LaunchScreen.storyboard */ = {
			isa = PBXVariantGroup;
			children = (
				D3D79A962A9DEA1700E5FD89 /* Base */,
			);
			name = LaunchScreen.storyboard;
			sourceTree = "<group>";
		};
/* End PBXVariantGroup section */

/* Begin XCBuildConfiguration section */
		D3D79AAF2A9DEA1800E5FD89 /* Debug */ = {
			isa = XCBuildConfiguration;
			buildSettings = {
				ALWAYS_SEARCH_USER_PATHS = NO;
				CLANG_ANALYZER_NONNULL = YES;
				CLANG_ANALYZER_NUMBER_OBJECT_CONVERSION = YES_AGGRESSIVE;
				CLANG_CXX_LANGUAGE_STANDARD = "gnu++20";
				CLANG_ENABLE_MODULES = YES;
				CLANG_ENABLE_OBJC_ARC = YES;
				CLANG_ENABLE_OBJC_WEAK = YES;
				CLANG_WARN_BLOCK_CAPTURE_AUTORELEASING = YES;
				CLANG_WARN_BOOL_CONVERSION = YES;
				CLANG_WARN_COMMA = YES;
				CLANG_WARN_CONSTANT_CONVERSION = YES;
				CLANG_WARN_DEPRECATED_OBJC_IMPLEMENTATIONS = YES;
				CLANG_WARN_DIRECT_OBJC_ISA_USAGE = YES_ERROR;
				CLANG_WARN_DOCUMENTATION_COMMENTS = YES;
				CLANG_WARN_EMPTY_BODY = YES;
				CLANG_WARN_ENUM_CONVERSION = YES;
				CLANG_WARN_INFINITE_RECURSION = YES;
				CLANG_WARN_INT_CONVERSION = YES;
				CLANG_WARN_NON_LITERAL_NULL_CONVERSION = YES;
				CLANG_WARN_OBJC_IMPLICIT_RETAIN_SELF = YES;
				CLANG_WARN_OBJC_LITERAL_CONVERSION = YES;
				CLANG_WARN_OBJC_ROOT_CLASS = YES_ERROR;
				CLANG_WARN_QUOTED_INCLUDE_IN_FRAMEWORK_HEADER = YES;
				CLANG_WARN_RANGE_LOOP_ANALYSIS = YES;
				CLANG_WARN_STRICT_PROTOTYPES = YES;
				CLANG_WARN_SUSPICIOUS_MOVE = YES;
				CLANG_WARN_UNGUARDED_AVAILABILITY = YES_AGGRESSIVE;
				CLANG_WARN_UNREACHABLE_CODE = YES;
				CLANG_WARN__DUPLICATE_METHOD_MATCH = YES;
				COPY_PHASE_STRIP = NO;
				DEBUG_INFORMATION_FORMAT = dwarf;
				ENABLE_STRICT_OBJC_MSGSEND = YES;
				ENABLE_TESTABILITY = YES;
				GCC_C_LANGUAGE_STANDARD = gnu11;
				GCC_DYNAMIC_NO_PIC = NO;
				GCC_NO_COMMON_BLOCKS = YES;
				GCC_OPTIMIZATION_LEVEL = 0;
				GCC_PREPROCESSOR_DEFINITIONS = (
					"DEBUG=1",
					"$(inherited)",
				);
				GCC_WARN_64_TO_32_BIT_CONVERSION = YES;
				GCC_WARN_ABOUT_RETURN_TYPE = YES_ERROR;
				GCC_WARN_UNDECLARED_SELECTOR = YES;
				GCC_WARN_UNINITIALIZED_AUTOS = YES_AGGRESSIVE;
				GCC_WARN_UNUSED_FUNCTION = YES;
				GCC_WARN_UNUSED_VARIABLE = YES;
				IPHONEOS_DEPLOYMENT_TARGET = 16.4;
				MTL_ENABLE_DEBUG_INFO = INCLUDE_SOURCE;
				MTL_FAST_MATH = YES;
				ONLY_ACTIVE_ARCH = YES;
				SDKROOT = iphoneos;
				SWIFT_ACTIVE_COMPILATION_CONDITIONS = DEBUG;
				SWIFT_OPTIMIZATION_LEVEL = "-Onone";
			};
			name = Debug;
		};
		D3D79AB02A9DEA1800E5FD89 /* Release */ = {
			isa = XCBuildConfiguration;
			buildSettings = {
				ALWAYS_SEARCH_USER_PATHS = NO;
				CLANG_ANALYZER_NONNULL = YES;
				CLANG_ANALYZER_NUMBER_OBJECT_CONVERSION = YES_AGGRESSIVE;
				CLANG_CXX_LANGUAGE_STANDARD = "gnu++20";
				CLANG_ENABLE_MODULES = YES;
				CLANG_ENABLE_OBJC_ARC = YES;
				CLANG_ENABLE_OBJC_WEAK = YES;
				CLANG_WARN_BLOCK_CAPTURE_AUTORELEASING = YES;
				CLANG_WARN_BOOL_CONVERSION = YES;
				CLANG_WARN_COMMA = YES;
				CLANG_WARN_CONSTANT_CONVERSION = YES;
				CLANG_WARN_DEPRECATED_OBJC_IMPLEMENTATIONS = YES;
				CLANG_WARN_DIRECT_OBJC_ISA_USAGE = YES_ERROR;
				CLANG_WARN_DOCUMENTATION_COMMENTS = YES;
				CLANG_WARN_EMPTY_BODY = YES;
				CLANG_WARN_ENUM_CONVERSION = YES;
				CLANG_WARN_INFINITE_RECURSION = YES;
				CLANG_WARN_INT_CONVERSION = YES;
				CLANG_WARN_NON_LITERAL_NULL_CONVERSION = YES;
				CLANG_WARN_OBJC_IMPLICIT_RETAIN_SELF = YES;
				CLANG_WARN_OBJC_LITERAL_CONVERSION = YES;
				CLANG_WARN_OBJC_ROOT_CLASS = YES_ERROR;
				CLANG_WARN_QUOTED_INCLUDE_IN_FRAMEWORK_HEADER = YES;
				CLANG_WARN_RANGE_LOOP_ANALYSIS = YES;
				CLANG_WARN_STRICT_PROTOTYPES = YES;
				CLANG_WARN_SUSPICIOUS_MOVE = YES;
				CLANG_WARN_UNGUARDED_AVAILABILITY = YES_AGGRESSIVE;
				CLANG_WARN_UNREACHABLE_CODE = YES;
				CLANG_WARN__DUPLICATE_METHOD_MATCH = YES;
				COPY_PHASE_STRIP = NO;
				DEBUG_INFORMATION_FORMAT = "dwarf-with-dsym";
				ENABLE_NS_ASSERTIONS = NO;
				ENABLE_STRICT_OBJC_MSGSEND = YES;
				GCC_C_LANGUAGE_STANDARD = gnu11;
				GCC_NO_COMMON_BLOCKS = YES;
				GCC_WARN_64_TO_32_BIT_CONVERSION = YES;
				GCC_WARN_ABOUT_RETURN_TYPE = YES_ERROR;
				GCC_WARN_UNDECLARED_SELECTOR = YES;
				GCC_WARN_UNINITIALIZED_AUTOS = YES_AGGRESSIVE;
				GCC_WARN_UNUSED_FUNCTION = YES;
				GCC_WARN_UNUSED_VARIABLE = YES;
				IPHONEOS_DEPLOYMENT_TARGET = 16.4;
				MTL_ENABLE_DEBUG_INFO = NO;
				MTL_FAST_MATH = YES;
				SDKROOT = iphoneos;
				SWIFT_COMPILATION_MODE = wholemodule;
				SWIFT_OPTIMIZATION_LEVEL = "-O";
				VALIDATE_PRODUCT = YES;
			};
			name = Release;
		};
		D3D79AB22A9DEA1800E5FD89 /* Debug */ = {
			isa = XCBuildConfiguration;
			buildSettings = {
				ASSETCATALOG_COMPILER_APPICON_NAME = AppIcon;
				ASSETCATALOG_COMPILER_GLOBAL_ACCENT_COLOR_NAME = AccentColor;
				CODE_SIGN_STYLE = Automatic;
				CURRENT_PROJECT_VERSION = 1;
				DEVELOPMENT_TEAM = HRX3B37H9L;
				GENERATE_INFOPLIST_FILE = YES;
				INFOPLIST_FILE = TMDB/Info.plist;
				INFOPLIST_KEY_UIApplicationSupportsIndirectInputEvents = YES;
				INFOPLIST_KEY_UILaunchStoryboardName = "";
				INFOPLIST_KEY_UISupportedInterfaceOrientations_iPad = "UIInterfaceOrientationPortrait UIInterfaceOrientationPortraitUpsideDown UIInterfaceOrientationLandscapeLeft UIInterfaceOrientationLandscapeRight";
				INFOPLIST_KEY_UISupportedInterfaceOrientations_iPhone = "UIInterfaceOrientationPortrait UIInterfaceOrientationLandscapeLeft UIInterfaceOrientationLandscapeRight";
				LD_RUNPATH_SEARCH_PATHS = (
					"$(inherited)",
					"@executable_path/Frameworks",
				);
				MARKETING_VERSION = 1.0;
				PRODUCT_BUNDLE_IDENTIFIER = com.radwaahmed.TMDB;
				PRODUCT_NAME = "$(TARGET_NAME)";
				SWIFT_EMIT_LOC_STRINGS = YES;
				SWIFT_VERSION = 5.0;
				TARGETED_DEVICE_FAMILY = "1,2";
			};
			name = Debug;
		};
		D3D79AB32A9DEA1800E5FD89 /* Release */ = {
			isa = XCBuildConfiguration;
			buildSettings = {
				ASSETCATALOG_COMPILER_APPICON_NAME = AppIcon;
				ASSETCATALOG_COMPILER_GLOBAL_ACCENT_COLOR_NAME = AccentColor;
				CODE_SIGN_STYLE = Automatic;
				CURRENT_PROJECT_VERSION = 1;
				DEVELOPMENT_TEAM = HRX3B37H9L;
				GENERATE_INFOPLIST_FILE = YES;
				INFOPLIST_FILE = TMDB/Info.plist;
				INFOPLIST_KEY_UIApplicationSupportsIndirectInputEvents = YES;
				INFOPLIST_KEY_UILaunchStoryboardName = "";
				INFOPLIST_KEY_UISupportedInterfaceOrientations_iPad = "UIInterfaceOrientationPortrait UIInterfaceOrientationPortraitUpsideDown UIInterfaceOrientationLandscapeLeft UIInterfaceOrientationLandscapeRight";
				INFOPLIST_KEY_UISupportedInterfaceOrientations_iPhone = "UIInterfaceOrientationPortrait UIInterfaceOrientationLandscapeLeft UIInterfaceOrientationLandscapeRight";
				LD_RUNPATH_SEARCH_PATHS = (
					"$(inherited)",
					"@executable_path/Frameworks",
				);
				MARKETING_VERSION = 1.0;
				PRODUCT_BUNDLE_IDENTIFIER = com.radwaahmed.TMDB;
				PRODUCT_NAME = "$(TARGET_NAME)";
				SWIFT_EMIT_LOC_STRINGS = YES;
				SWIFT_VERSION = 5.0;
				TARGETED_DEVICE_FAMILY = "1,2";
			};
			name = Release;
		};
		D3D79AB52A9DEA1800E5FD89 /* Debug */ = {
			isa = XCBuildConfiguration;
			buildSettings = {
				ALWAYS_EMBED_SWIFT_STANDARD_LIBRARIES = YES;
				BUNDLE_LOADER = "$(TEST_HOST)";
				CODE_SIGN_STYLE = Automatic;
				CURRENT_PROJECT_VERSION = 1;
				DEVELOPMENT_TEAM = HRX3B37H9L;
				GENERATE_INFOPLIST_FILE = YES;
				IPHONEOS_DEPLOYMENT_TARGET = 16.4;
				MARKETING_VERSION = 1.0;
				PRODUCT_BUNDLE_IDENTIFIER = com.radwaahmed.TMDBTests;
				PRODUCT_NAME = "$(TARGET_NAME)";
				SWIFT_EMIT_LOC_STRINGS = NO;
				SWIFT_VERSION = 5.0;
				TARGETED_DEVICE_FAMILY = "1,2";
				TEST_HOST = "$(BUILT_PRODUCTS_DIR)/TMDB.app/$(BUNDLE_EXECUTABLE_FOLDER_PATH)/TMDB";
			};
			name = Debug;
		};
		D3D79AB62A9DEA1800E5FD89 /* Release */ = {
			isa = XCBuildConfiguration;
			buildSettings = {
				ALWAYS_EMBED_SWIFT_STANDARD_LIBRARIES = YES;
				BUNDLE_LOADER = "$(TEST_HOST)";
				CODE_SIGN_STYLE = Automatic;
				CURRENT_PROJECT_VERSION = 1;
				DEVELOPMENT_TEAM = HRX3B37H9L;
				GENERATE_INFOPLIST_FILE = YES;
				IPHONEOS_DEPLOYMENT_TARGET = 16.4;
				MARKETING_VERSION = 1.0;
				PRODUCT_BUNDLE_IDENTIFIER = com.radwaahmed.TMDBTests;
				PRODUCT_NAME = "$(TARGET_NAME)";
				SWIFT_EMIT_LOC_STRINGS = NO;
				SWIFT_VERSION = 5.0;
				TARGETED_DEVICE_FAMILY = "1,2";
				TEST_HOST = "$(BUILT_PRODUCTS_DIR)/TMDB.app/$(BUNDLE_EXECUTABLE_FOLDER_PATH)/TMDB";
			};
			name = Release;
		};
		D3D79AB82A9DEA1800E5FD89 /* Debug */ = {
			isa = XCBuildConfiguration;
			buildSettings = {
				ALWAYS_EMBED_SWIFT_STANDARD_LIBRARIES = YES;
				CODE_SIGN_STYLE = Automatic;
				CURRENT_PROJECT_VERSION = 1;
				DEVELOPMENT_TEAM = HRX3B37H9L;
				GENERATE_INFOPLIST_FILE = YES;
				MARKETING_VERSION = 1.0;
				PRODUCT_BUNDLE_IDENTIFIER = com.radwaahmed.TMDBUITests;
				PRODUCT_NAME = "$(TARGET_NAME)";
				SWIFT_EMIT_LOC_STRINGS = NO;
				SWIFT_VERSION = 5.0;
				TARGETED_DEVICE_FAMILY = "1,2";
				TEST_TARGET_NAME = TMDB;
			};
			name = Debug;
		};
		D3D79AB92A9DEA1800E5FD89 /* Release */ = {
			isa = XCBuildConfiguration;
			buildSettings = {
				ALWAYS_EMBED_SWIFT_STANDARD_LIBRARIES = YES;
				CODE_SIGN_STYLE = Automatic;
				CURRENT_PROJECT_VERSION = 1;
				DEVELOPMENT_TEAM = HRX3B37H9L;
				GENERATE_INFOPLIST_FILE = YES;
				MARKETING_VERSION = 1.0;
				PRODUCT_BUNDLE_IDENTIFIER = com.radwaahmed.TMDBUITests;
				PRODUCT_NAME = "$(TARGET_NAME)";
				SWIFT_EMIT_LOC_STRINGS = NO;
				SWIFT_VERSION = 5.0;
				TARGETED_DEVICE_FAMILY = "1,2";
				TEST_TARGET_NAME = TMDB;
			};
			name = Release;
		};
/* End XCBuildConfiguration section */

/* Begin XCConfigurationList section */
		D3D79A7F2A9DEA1500E5FD89 /* Build configuration list for PBXProject "TMDB" */ = {
			isa = XCConfigurationList;
			buildConfigurations = (
				D3D79AAF2A9DEA1800E5FD89 /* Debug */,
				D3D79AB02A9DEA1800E5FD89 /* Release */,
			);
			defaultConfigurationIsVisible = 0;
			defaultConfigurationName = Release;
		};
		D3D79AB12A9DEA1800E5FD89 /* Build configuration list for PBXNativeTarget "TMDB" */ = {
			isa = XCConfigurationList;
			buildConfigurations = (
				D3D79AB22A9DEA1800E5FD89 /* Debug */,
				D3D79AB32A9DEA1800E5FD89 /* Release */,
			);
			defaultConfigurationIsVisible = 0;
			defaultConfigurationName = Release;
		};
		D3D79AB42A9DEA1800E5FD89 /* Build configuration list for PBXNativeTarget "TMDBTests" */ = {
			isa = XCConfigurationList;
			buildConfigurations = (
				D3D79AB52A9DEA1800E5FD89 /* Debug */,
				D3D79AB62A9DEA1800E5FD89 /* Release */,
			);
			defaultConfigurationIsVisible = 0;
			defaultConfigurationName = Release;
		};
		D3D79AB72A9DEA1800E5FD89 /* Build configuration list for PBXNativeTarget "TMDBUITests" */ = {
			isa = XCConfigurationList;
			buildConfigurations = (
				D3D79AB82A9DEA1800E5FD89 /* Debug */,
				D3D79AB92A9DEA1800E5FD89 /* Release */,
			);
			defaultConfigurationIsVisible = 0;
			defaultConfigurationName = Release;
		};
/* End XCConfigurationList section */

/* Begin XCVersionGroup section */
		D3D79A902A9DEA1500E5FD89 /* TMDB.xcdatamodeld */ = {
			isa = XCVersionGroup;
			children = (
				D3D79A912A9DEA1500E5FD89 /* TMDB.xcdatamodel */,
			);
			currentVersion = D3D79A912A9DEA1500E5FD89 /* TMDB.xcdatamodel */;
			path = TMDB.xcdatamodeld;
			sourceTree = "<group>";
			versionGroupType = wrapper.xcdatamodel;
		};
/* End XCVersionGroup section */
	};
	rootObject = D3D79A7C2A9DEA1500E5FD89 /* Project object */;
}
